// !$*UTF8*$!
{
	archiveVersion = 1;
	classes = {
	};
	objectVersion = 46;
	objects = {

/* Begin PBXBuildFile section */
		0F41C41C1DF372740076BB6B /* AppDelegate.swift in Sources */ = {isa = PBXBuildFile; fileRef = 0F41C4141DF372740076BB6B /* AppDelegate.swift */; };
		0F41C41D1DF372740076BB6B /* Assets.xcassets in Resources */ = {isa = PBXBuildFile; fileRef = 0F41C4151DF372740076BB6B /* Assets.xcassets */; };
		0F41C41E1DF372740076BB6B /* LaunchScreen.storyboard in Resources */ = {isa = PBXBuildFile; fileRef = 0F41C4161DF372740076BB6B /* LaunchScreen.storyboard */; };
		0F41C41F1DF372740076BB6B /* Main.storyboard in Resources */ = {isa = PBXBuildFile; fileRef = 0F41C4181DF372740076BB6B /* Main.storyboard */; };
		0F41C4201DF372740076BB6B /* Info.plist in Resources */ = {isa = PBXBuildFile; fileRef = 0F41C41A1DF372740076BB6B /* Info.plist */; };
		0F41C4211DF372740076BB6B /* ViewController.swift in Sources */ = {isa = PBXBuildFile; fileRef = 0F41C41B1DF372740076BB6B /* ViewController.swift */; };
		0F41C42E1DF372A90076BB6B /* Each.framework in Frameworks */ = {isa = PBXBuildFile; fileRef = 0F41C4271DF372A90076BB6B /* Each.framework */; };
		0F41C42F1DF372A90076BB6B /* Each.framework in Embed Frameworks */ = {isa = PBXBuildFile; fileRef = 0F41C4271DF372A90076BB6B /* Each.framework */; settings = {ATTRIBUTES = (CodeSignOnCopy, RemoveHeadersOnCopy, ); }; };
		0F41C4341DF373470076BB6B /* Each.swift in Sources */ = {isa = PBXBuildFile; fileRef = 81A194681DB0C3EC00985EC0 /* Each.swift */; };
		0F41C4351DF373600076BB6B /* Each.framework in Frameworks */ = {isa = PBXBuildFile; fileRef = 0F41C4271DF372A90076BB6B /* Each.framework */; };
		817D34741DBB6A4A0059E633 /* EachTimeIntervalTestCases.swift in Sources */ = {isa = PBXBuildFile; fileRef = 817D34731DBB6A4A0059E633 /* EachTimeIntervalTestCases.swift */; };
		81C8F80D1DB0C487009FE6D3 /* EachTestCases.swift in Sources */ = {isa = PBXBuildFile; fileRef = 81C8F80C1DB0C487009FE6D3 /* EachTestCases.swift */; };
/* End PBXBuildFile section */

/* Begin PBXContainerItemProxy section */
		0F41C42C1DF372A90076BB6B /* PBXContainerItemProxy */ = {
			isa = PBXContainerItemProxy;
			containerPortal = 81A1943C1DB0C3A100985EC0 /* Project object */;
			proxyType = 1;
			remoteGlobalIDString = 0F41C4261DF372A90076BB6B;
			remoteInfo = Each;
		};
		0F41C4381DF3736E0076BB6B /* PBXContainerItemProxy */ = {
			isa = PBXContainerItemProxy;
			containerPortal = 81A1943C1DB0C3A100985EC0 /* Project object */;
			proxyType = 1;
			remoteGlobalIDString = 0F41C4261DF372A90076BB6B;
			remoteInfo = Each;
		};
/* End PBXContainerItemProxy section */

/* Begin PBXCopyFilesBuildPhase section */
		0F41C4331DF372A90076BB6B /* Embed Frameworks */ = {
			isa = PBXCopyFilesBuildPhase;
			buildActionMask = 2147483647;
			dstPath = "";
			dstSubfolderSpec = 10;
			files = (
				0F41C42F1DF372A90076BB6B /* Each.framework in Embed Frameworks */,
			);
			name = "Embed Frameworks";
			runOnlyForDeploymentPostprocessing = 0;
		};
/* End PBXCopyFilesBuildPhase section */

/* Begin PBXFileReference section */
		0F41C4141DF372740076BB6B /* AppDelegate.swift */ = {isa = PBXFileReference; fileEncoding = 4; lastKnownFileType = sourcecode.swift; path = AppDelegate.swift; sourceTree = "<group>"; };
		0F41C4151DF372740076BB6B /* Assets.xcassets */ = {isa = PBXFileReference; lastKnownFileType = folder.assetcatalog; path = Assets.xcassets; sourceTree = "<group>"; };
		0F41C4171DF372740076BB6B /* Base */ = {isa = PBXFileReference; lastKnownFileType = file.storyboard; name = Base; path = Base.lproj/LaunchScreen.storyboard; sourceTree = "<group>"; };
		0F41C4191DF372740076BB6B /* Base */ = {isa = PBXFileReference; lastKnownFileType = file.storyboard; name = Base; path = Base.lproj/Main.storyboard; sourceTree = "<group>"; };
		0F41C41A1DF372740076BB6B /* Info.plist */ = {isa = PBXFileReference; fileEncoding = 4; lastKnownFileType = text.plist.xml; path = Info.plist; sourceTree = "<group>"; };
		0F41C41B1DF372740076BB6B /* ViewController.swift */ = {isa = PBXFileReference; fileEncoding = 4; lastKnownFileType = sourcecode.swift; path = ViewController.swift; sourceTree = "<group>"; };
		0F41C4271DF372A90076BB6B /* Each.framework */ = {isa = PBXFileReference; explicitFileType = wrapper.framework; includeInIndex = 0; path = Each.framework; sourceTree = BUILT_PRODUCTS_DIR; };
		0F41C43A1DF373B40076BB6B /* Each.h */ = {isa = PBXFileReference; fileEncoding = 4; lastKnownFileType = sourcecode.c.h; name = Each.h; path = Sources/Each.h; sourceTree = "<group>"; };
		0F41C43B1DF373B40076BB6B /* Info.plist */ = {isa = PBXFileReference; fileEncoding = 4; lastKnownFileType = text.plist.xml; name = Info.plist; path = Sources/Info.plist; sourceTree = "<group>"; };
		817D34731DBB6A4A0059E633 /* EachTimeIntervalTestCases.swift */ = {isa = PBXFileReference; fileEncoding = 4; lastKnownFileType = sourcecode.swift; path = EachTimeIntervalTestCases.swift; sourceTree = "<group>"; };
		81A194441DB0C3A100985EC0 /* Each Example.app */ = {isa = PBXFileReference; explicitFileType = wrapper.application; includeInIndex = 0; path = "Each Example.app"; sourceTree = BUILT_PRODUCTS_DIR; };
		81A194581DB0C3A200985EC0 /* EachTests.xctest */ = {isa = PBXFileReference; explicitFileType = wrapper.cfbundle; includeInIndex = 0; path = EachTests.xctest; sourceTree = BUILT_PRODUCTS_DIR; };
		81A1945E1DB0C3A200985EC0 /* Info.plist */ = {isa = PBXFileReference; lastKnownFileType = text.plist.xml; path = Info.plist; sourceTree = "<group>"; };
		81A194681DB0C3EC00985EC0 /* Each.swift */ = {isa = PBXFileReference; fileEncoding = 4; lastKnownFileType = sourcecode.swift; name = Each.swift; path = Sources/Each.swift; sourceTree = "<group>"; };
		81C8F80C1DB0C487009FE6D3 /* EachTestCases.swift */ = {isa = PBXFileReference; fileEncoding = 4; lastKnownFileType = sourcecode.swift; path = EachTestCases.swift; sourceTree = "<group>"; };
		81C8F80E1DB0C61E009FE6D3 /* README.md */ = {isa = PBXFileReference; fileEncoding = 4; lastKnownFileType = net.daringfireball.markdown; path = README.md; sourceTree = "<group>"; };
		81C8F8101DB0C62F009FE6D3 /* CHANGELOG.md */ = {isa = PBXFileReference; fileEncoding = 4; lastKnownFileType = net.daringfireball.markdown; path = CHANGELOG.md; sourceTree = "<group>"; };
		81C8F8121DB0CB24009FE6D3 /* .swift-version */ = {isa = PBXFileReference; fileEncoding = 4; lastKnownFileType = text; path = ".swift-version"; sourceTree = "<group>"; };
		81C8F8141DB0CB62009FE6D3 /* Each.podspec */ = {isa = PBXFileReference; fileEncoding = 4; lastKnownFileType = text; path = Each.podspec; sourceTree = "<group>"; };
/* End PBXFileReference section */

/* Begin PBXFrameworksBuildPhase section */
		0F41C4231DF372A90076BB6B /* Frameworks */ = {
			isa = PBXFrameworksBuildPhase;
			buildActionMask = 2147483647;
			files = (
			);
			runOnlyForDeploymentPostprocessing = 0;
		};
		81A194411DB0C3A100985EC0 /* Frameworks */ = {
			isa = PBXFrameworksBuildPhase;
			buildActionMask = 2147483647;
			files = (
				0F41C42E1DF372A90076BB6B /* Each.framework in Frameworks */,
			);
			runOnlyForDeploymentPostprocessing = 0;
		};
		81A194551DB0C3A200985EC0 /* Frameworks */ = {
			isa = PBXFrameworksBuildPhase;
			buildActionMask = 2147483647;
			files = (
				0F41C4351DF373600076BB6B /* Each.framework in Frameworks */,
			);
			runOnlyForDeploymentPostprocessing = 0;
		};
/* End PBXFrameworksBuildPhase section */

/* Begin PBXGroup section */
		0F41C4131DF372740076BB6B /* Each Example */ = {
			isa = PBXGroup;
			children = (
				0F41C4141DF372740076BB6B /* AppDelegate.swift */,
				0F41C4151DF372740076BB6B /* Assets.xcassets */,
				0F41C4161DF372740076BB6B /* LaunchScreen.storyboard */,
				0F41C4181DF372740076BB6B /* Main.storyboard */,
				0F41C41A1DF372740076BB6B /* Info.plist */,
				0F41C41B1DF372740076BB6B /* ViewController.swift */,
			);
			path = "Each Example";
			sourceTree = "<group>";
		};
		81A1943B1DB0C3A100985EC0 = {
			isa = PBXGroup;
			children = (
				81C8F8141DB0CB62009FE6D3 /* Each.podspec */,
				81C8F8121DB0CB24009FE6D3 /* .swift-version */,
				81C8F8101DB0C62F009FE6D3 /* CHANGELOG.md */,
				81C8F80E1DB0C61E009FE6D3 /* README.md */,
				81A194671DB0C3E100985EC0 /* Sources */,
				0F41C4131DF372740076BB6B /* Each Example */,
				81A1945B1DB0C3A200985EC0 /* EachTests */,
				81A194451DB0C3A100985EC0 /* Products */,
			);
			sourceTree = "<group>";
		};
		81A194451DB0C3A100985EC0 /* Products */ = {
			isa = PBXGroup;
			children = (
				81A194441DB0C3A100985EC0 /* Each Example.app */,
				81A194581DB0C3A200985EC0 /* EachTests.xctest */,
				0F41C4271DF372A90076BB6B /* Each.framework */,
			);
			name = Products;
			sourceTree = "<group>";
		};
		81A1945B1DB0C3A200985EC0 /* EachTests */ = {
			isa = PBXGroup;
			children = (
				81C8F80C1DB0C487009FE6D3 /* EachTestCases.swift */,
				817D34731DBB6A4A0059E633 /* EachTimeIntervalTestCases.swift */,
				81A1945E1DB0C3A200985EC0 /* Info.plist */,
			);
			path = EachTests;
			sourceTree = "<group>";
		};
		81A194671DB0C3E100985EC0 /* Sources */ = {
			isa = PBXGroup;
			children = (
				81A194681DB0C3EC00985EC0 /* Each.swift */,
				0F41C43A1DF373B40076BB6B /* Each.h */,
				0F41C43B1DF373B40076BB6B /* Info.plist */,
			);
			name = Sources;
			sourceTree = "<group>";
		};
/* End PBXGroup section */

/* Begin PBXHeadersBuildPhase section */
		0F41C4241DF372A90076BB6B /* Headers */ = {
			isa = PBXHeadersBuildPhase;
			buildActionMask = 2147483647;
			files = (
			);
			runOnlyForDeploymentPostprocessing = 0;
		};
/* End PBXHeadersBuildPhase section */

/* Begin PBXNativeTarget section */
		0F41C4261DF372A90076BB6B /* Each */ = {
			isa = PBXNativeTarget;
			buildConfigurationList = 0F41C4301DF372A90076BB6B /* Build configuration list for PBXNativeTarget "Each" */;
			buildPhases = (
				0F41C4221DF372A90076BB6B /* Sources */,
				0F41C4231DF372A90076BB6B /* Frameworks */,
				0F41C4241DF372A90076BB6B /* Headers */,
				0F41C4251DF372A90076BB6B /* Resources */,
			);
			buildRules = (
			);
			dependencies = (
			);
			name = Each;
			productName = Each;
			productReference = 0F41C4271DF372A90076BB6B /* Each.framework */;
			productType = "com.apple.product-type.framework";
		};
		81A194431DB0C3A100985EC0 /* Each Example */ = {
			isa = PBXNativeTarget;
			buildConfigurationList = 81A194611DB0C3A200985EC0 /* Build configuration list for PBXNativeTarget "Each Example" */;
			buildPhases = (
				81A194401DB0C3A100985EC0 /* Sources */,
				81A194411DB0C3A100985EC0 /* Frameworks */,
				81A194421DB0C3A100985EC0 /* Resources */,
				0F41C4331DF372A90076BB6B /* Embed Frameworks */,
			);
			buildRules = (
			);
			dependencies = (
				0F41C42D1DF372A90076BB6B /* PBXTargetDependency */,
			);
			name = "Each Example";
			productName = Each;
			productReference = 81A194441DB0C3A100985EC0 /* Each Example.app */;
			productType = "com.apple.product-type.application";
		};
		81A194571DB0C3A200985EC0 /* EachTests */ = {
			isa = PBXNativeTarget;
			buildConfigurationList = 81A194641DB0C3A200985EC0 /* Build configuration list for PBXNativeTarget "EachTests" */;
			buildPhases = (
				81A194541DB0C3A200985EC0 /* Sources */,
				81A194551DB0C3A200985EC0 /* Frameworks */,
				81A194561DB0C3A200985EC0 /* Resources */,
			);
			buildRules = (
			);
			dependencies = (
				0F41C4391DF3736E0076BB6B /* PBXTargetDependency */,
			);
			name = EachTests;
			productName = EachTests;
			productReference = 81A194581DB0C3A200985EC0 /* EachTests.xctest */;
			productType = "com.apple.product-type.bundle.unit-test";
		};
/* End PBXNativeTarget section */

/* Begin PBXProject section */
		81A1943C1DB0C3A100985EC0 /* Project object */ = {
			isa = PBXProject;
			attributes = {
				LastSwiftUpdateCheck = 0800;
				LastUpgradeCheck = 0800;
				ORGANIZATIONNAME = dalu93;
				TargetAttributes = {
					0F41C4261DF372A90076BB6B = {
						CreatedOnToolsVersion = 8.1;
						ProvisioningStyle = Automatic;
					};
					81A194431DB0C3A100985EC0 = {
						CreatedOnToolsVersion = 8.0;
						ProvisioningStyle = Automatic;
					};
					81A194571DB0C3A200985EC0 = {
						CreatedOnToolsVersion = 8.0;
						ProvisioningStyle = Automatic;
						TestTargetID = 81A194431DB0C3A100985EC0;
					};
				};
			};
			buildConfigurationList = 81A1943F1DB0C3A100985EC0 /* Build configuration list for PBXProject "Each" */;
			compatibilityVersion = "Xcode 3.2";
			developmentRegion = English;
			hasScannedForEncodings = 0;
			knownRegions = (
				en,
				Base,
			);
			mainGroup = 81A1943B1DB0C3A100985EC0;
			productRefGroup = 81A194451DB0C3A100985EC0 /* Products */;
			projectDirPath = "";
			projectRoot = "";
			targets = (
				0F41C4261DF372A90076BB6B /* Each */,
				81A194571DB0C3A200985EC0 /* EachTests */,
				81A194431DB0C3A100985EC0 /* Each Example */,
			);
		};
/* End PBXProject section */

/* Begin PBXResourcesBuildPhase section */
		0F41C4251DF372A90076BB6B /* Resources */ = {
			isa = PBXResourcesBuildPhase;
			buildActionMask = 2147483647;
			files = (
			);
			runOnlyForDeploymentPostprocessing = 0;
		};
		81A194421DB0C3A100985EC0 /* Resources */ = {
			isa = PBXResourcesBuildPhase;
			buildActionMask = 2147483647;
			files = (
				0F41C4201DF372740076BB6B /* Info.plist in Resources */,
				0F41C41F1DF372740076BB6B /* Main.storyboard in Resources */,
				0F41C41D1DF372740076BB6B /* Assets.xcassets in Resources */,
				0F41C41E1DF372740076BB6B /* LaunchScreen.storyboard in Resources */,
			);
			runOnlyForDeploymentPostprocessing = 0;
		};
		81A194561DB0C3A200985EC0 /* Resources */ = {
			isa = PBXResourcesBuildPhase;
			buildActionMask = 2147483647;
			files = (
			);
			runOnlyForDeploymentPostprocessing = 0;
		};
/* End PBXResourcesBuildPhase section */

/* Begin PBXSourcesBuildPhase section */
		0F41C4221DF372A90076BB6B /* Sources */ = {
			isa = PBXSourcesBuildPhase;
			buildActionMask = 2147483647;
			files = (
				0F41C4341DF373470076BB6B /* Each.swift in Sources */,
			);
			runOnlyForDeploymentPostprocessing = 0;
		};
		81A194401DB0C3A100985EC0 /* Sources */ = {
			isa = PBXSourcesBuildPhase;
			buildActionMask = 2147483647;
			files = (
				0F41C4211DF372740076BB6B /* ViewController.swift in Sources */,
				0F41C41C1DF372740076BB6B /* AppDelegate.swift in Sources */,
			);
			runOnlyForDeploymentPostprocessing = 0;
		};
		81A194541DB0C3A200985EC0 /* Sources */ = {
			isa = PBXSourcesBuildPhase;
			buildActionMask = 2147483647;
			files = (
				817D34741DBB6A4A0059E633 /* EachTimeIntervalTestCases.swift in Sources */,
				81C8F80D1DB0C487009FE6D3 /* EachTestCases.swift in Sources */,
			);
			runOnlyForDeploymentPostprocessing = 0;
		};
/* End PBXSourcesBuildPhase section */

/* Begin PBXTargetDependency section */
		0F41C42D1DF372A90076BB6B /* PBXTargetDependency */ = {
			isa = PBXTargetDependency;
			target = 0F41C4261DF372A90076BB6B /* Each */;
			targetProxy = 0F41C42C1DF372A90076BB6B /* PBXContainerItemProxy */;
		};
		0F41C4391DF3736E0076BB6B /* PBXTargetDependency */ = {
			isa = PBXTargetDependency;
			target = 0F41C4261DF372A90076BB6B /* Each */;
			targetProxy = 0F41C4381DF3736E0076BB6B /* PBXContainerItemProxy */;
		};
/* End PBXTargetDependency section */

/* Begin PBXVariantGroup section */
		0F41C4161DF372740076BB6B /* LaunchScreen.storyboard */ = {
			isa = PBXVariantGroup;
			children = (
				0F41C4171DF372740076BB6B /* Base */,
			);
			name = LaunchScreen.storyboard;
			sourceTree = "<group>";
		};
		0F41C4181DF372740076BB6B /* Main.storyboard */ = {
			isa = PBXVariantGroup;
			children = (
				0F41C4191DF372740076BB6B /* Base */,
			);
			name = Main.storyboard;
			sourceTree = "<group>";
		};
/* End PBXVariantGroup section */

/* Begin XCBuildConfiguration section */
		0F41C4311DF372A90076BB6B /* Debug */ = {
			isa = XCBuildConfiguration;
			buildSettings = {
				CODE_SIGN_IDENTITY = "";
				CURRENT_PROJECT_VERSION = 1;
				DEFINES_MODULE = YES;
				DYLIB_COMPATIBILITY_VERSION = 1;
				DYLIB_CURRENT_VERSION = 1;
				DYLIB_INSTALL_NAME_BASE = "@rpath";
				INFOPLIST_FILE = "$(SRCROOT)/Sources/Info.plist";
				INSTALL_PATH = "$(LOCAL_LIBRARY_DIR)/Frameworks";
				IPHONEOS_DEPLOYMENT_TARGET = 10.1;
				LD_RUNPATH_SEARCH_PATHS = "$(inherited) @executable_path/Frameworks @loader_path/Frameworks";
				PRODUCT_BUNDLE_IDENTIFIER = com.dalu93.Each;
				PRODUCT_NAME = "$(TARGET_NAME)";
				SKIP_INSTALL = YES;
				SWIFT_VERSION = 3.0;
				VERSIONING_SYSTEM = "apple-generic";
				VERSION_INFO_PREFIX = "";
			};
			name = Debug;
		};
		0F41C4321DF372A90076BB6B /* Release */ = {
			isa = XCBuildConfiguration;
			buildSettings = {
				CODE_SIGN_IDENTITY = "";
				CURRENT_PROJECT_VERSION = 1;
				DEFINES_MODULE = YES;
				DYLIB_COMPATIBILITY_VERSION = 1;
				DYLIB_CURRENT_VERSION = 1;
				DYLIB_INSTALL_NAME_BASE = "@rpath";
				INFOPLIST_FILE = "$(SRCROOT)/Sources/Info.plist";
				INSTALL_PATH = "$(LOCAL_LIBRARY_DIR)/Frameworks";
				IPHONEOS_DEPLOYMENT_TARGET = 10.1;
				LD_RUNPATH_SEARCH_PATHS = "$(inherited) @executable_path/Frameworks @loader_path/Frameworks";
				PRODUCT_BUNDLE_IDENTIFIER = com.dalu93.Each;
				PRODUCT_NAME = "$(TARGET_NAME)";
				SKIP_INSTALL = YES;
				SWIFT_VERSION = 3.0;
				VERSIONING_SYSTEM = "apple-generic";
				VERSION_INFO_PREFIX = "";
			};
			name = Release;
		};
		81A1945F1DB0C3A200985EC0 /* Debug */ = {
			isa = XCBuildConfiguration;
			buildSettings = {
				ALWAYS_SEARCH_USER_PATHS = NO;
				CLANG_ANALYZER_NONNULL = YES;
				CLANG_CXX_LANGUAGE_STANDARD = "gnu++0x";
				CLANG_CXX_LIBRARY = "libc++";
				CLANG_ENABLE_MODULES = YES;
				CLANG_ENABLE_OBJC_ARC = YES;
				CLANG_WARN_BOOL_CONVERSION = YES;
				CLANG_WARN_CONSTANT_CONVERSION = YES;
				CLANG_WARN_DIRECT_OBJC_ISA_USAGE = YES_ERROR;
				CLANG_WARN_DOCUMENTATION_COMMENTS = YES;
				CLANG_WARN_EMPTY_BODY = YES;
				CLANG_WARN_ENUM_CONVERSION = YES;
				CLANG_WARN_INFINITE_RECURSION = YES;
				CLANG_WARN_INT_CONVERSION = YES;
				CLANG_WARN_OBJC_ROOT_CLASS = YES_ERROR;
				CLANG_WARN_SUSPICIOUS_MOVES = YES;
				CLANG_WARN_UNREACHABLE_CODE = YES;
				CLANG_WARN__DUPLICATE_METHOD_MATCH = YES;
				"CODE_SIGN_IDENTITY[sdk=iphoneos*]" = "iPhone Developer";
				COPY_PHASE_STRIP = NO;
				DEBUG_INFORMATION_FORMAT = dwarf;
				ENABLE_STRICT_OBJC_MSGSEND = YES;
				ENABLE_TESTABILITY = YES;
				GCC_C_LANGUAGE_STANDARD = gnu99;
				GCC_DYNAMIC_NO_PIC = NO;
				GCC_NO_COMMON_BLOCKS = YES;
				GCC_OPTIMIZATION_LEVEL = 0;
				GCC_PREPROCESSOR_DEFINITIONS = (
					"DEBUG=1",
					"$(inherited)",
				);
				GCC_WARN_64_TO_32_BIT_CONVERSION = YES;
				GCC_WARN_ABOUT_RETURN_TYPE = YES_ERROR;
				GCC_WARN_UNDECLARED_SELECTOR = YES;
				GCC_WARN_UNINITIALIZED_AUTOS = YES_AGGRESSIVE;
				GCC_WARN_UNUSED_FUNCTION = YES;
				GCC_WARN_UNUSED_VARIABLE = YES;
				IPHONEOS_DEPLOYMENT_TARGET = 10.0;
				MTL_ENABLE_DEBUG_INFO = YES;
				ONLY_ACTIVE_ARCH = YES;
				SDKROOT = iphoneos;
				SWIFT_ACTIVE_COMPILATION_CONDITIONS = DEBUG;
				SWIFT_OPTIMIZATION_LEVEL = "-Onone";
				TARGETED_DEVICE_FAMILY = "1,2";
			};
			name = Debug;
		};
		81A194601DB0C3A200985EC0 /* Release */ = {
			isa = XCBuildConfiguration;
			buildSettings = {
				ALWAYS_SEARCH_USER_PATHS = NO;
				CLANG_ANALYZER_NONNULL = YES;
				CLANG_CXX_LANGUAGE_STANDARD = "gnu++0x";
				CLANG_CXX_LIBRARY = "libc++";
				CLANG_ENABLE_MODULES = YES;
				CLANG_ENABLE_OBJC_ARC = YES;
				CLANG_WARN_BOOL_CONVERSION = YES;
				CLANG_WARN_CONSTANT_CONVERSION = YES;
				CLANG_WARN_DIRECT_OBJC_ISA_USAGE = YES_ERROR;
				CLANG_WARN_DOCUMENTATION_COMMENTS = YES;
				CLANG_WARN_EMPTY_BODY = YES;
				CLANG_WARN_ENUM_CONVERSION = YES;
				CLANG_WARN_INFINITE_RECURSION = YES;
				CLANG_WARN_INT_CONVERSION = YES;
				CLANG_WARN_OBJC_ROOT_CLASS = YES_ERROR;
				CLANG_WARN_SUSPICIOUS_MOVES = YES;
				CLANG_WARN_UNREACHABLE_CODE = YES;
				CLANG_WARN__DUPLICATE_METHOD_MATCH = YES;
				"CODE_SIGN_IDENTITY[sdk=iphoneos*]" = "iPhone Developer";
				COPY_PHASE_STRIP = NO;
				DEBUG_INFORMATION_FORMAT = "dwarf-with-dsym";
				ENABLE_NS_ASSERTIONS = NO;
				ENABLE_STRICT_OBJC_MSGSEND = YES;
				GCC_C_LANGUAGE_STANDARD = gnu99;
				GCC_NO_COMMON_BLOCKS = YES;
				GCC_WARN_64_TO_32_BIT_CONVERSION = YES;
				GCC_WARN_ABOUT_RETURN_TYPE = YES_ERROR;
				GCC_WARN_UNDECLARED_SELECTOR = YES;
				GCC_WARN_UNINITIALIZED_AUTOS = YES_AGGRESSIVE;
				GCC_WARN_UNUSED_FUNCTION = YES;
				GCC_WARN_UNUSED_VARIABLE = YES;
				IPHONEOS_DEPLOYMENT_TARGET = 10.0;
				MTL_ENABLE_DEBUG_INFO = NO;
				SDKROOT = iphoneos;
				SWIFT_OPTIMIZATION_LEVEL = "-Owholemodule";
				TARGETED_DEVICE_FAMILY = "1,2";
				VALIDATE_PRODUCT = YES;
			};
			name = Release;
		};
		81A194621DB0C3A200985EC0 /* Debug */ = {
			isa = XCBuildConfiguration;
			buildSettings = {
				ALWAYS_EMBED_SWIFT_STANDARD_LIBRARIES = YES;
				ASSETCATALOG_COMPILER_APPICON_NAME = AppIcon;
				INFOPLIST_FILE = "$(SRCROOT)/Each Example/Info.plist";
				LD_RUNPATH_SEARCH_PATHS = "$(inherited) @executable_path/Frameworks";
				PRODUCT_BUNDLE_IDENTIFIER = com.dalu93.EachExample;
				PRODUCT_NAME = "$(TARGET_NAME)";
				SWIFT_VERSION = 3.0;
			};
			name = Debug;
		};
		81A194631DB0C3A200985EC0 /* Release */ = {
			isa = XCBuildConfiguration;
			buildSettings = {
				ALWAYS_EMBED_SWIFT_STANDARD_LIBRARIES = YES;
				ASSETCATALOG_COMPILER_APPICON_NAME = AppIcon;
				INFOPLIST_FILE = "$(SRCROOT)/Each Example/Info.plist";
				LD_RUNPATH_SEARCH_PATHS = "$(inherited) @executable_path/Frameworks";
				PRODUCT_BUNDLE_IDENTIFIER = com.dalu93.EachExample;
				PRODUCT_NAME = "$(TARGET_NAME)";
				SWIFT_VERSION = 3.0;
			};
			name = Release;
		};
		81A194651DB0C3A200985EC0 /* Debug */ = {
			isa = XCBuildConfiguration;
			buildSettings = {
				ALWAYS_EMBED_SWIFT_STANDARD_LIBRARIES = YES;
				BUNDLE_LOADER = "$(TEST_HOST)";
				INFOPLIST_FILE = EachTests/Info.plist;
				LD_RUNPATH_SEARCH_PATHS = "$(inherited) @executable_path/Frameworks @loader_path/Frameworks";
				PRODUCT_BUNDLE_IDENTIFIER = com.dalu93.EachTests;
				PRODUCT_NAME = "$(TARGET_NAME)";
				SWIFT_VERSION = 3.0;
				TEST_HOST = "$(BUILT_PRODUCTS_DIR)/Each.app/Each";
			};
			name = Debug;
		};
		81A194661DB0C3A200985EC0 /* Release */ = {
			isa = XCBuildConfiguration;
			buildSettings = {
				ALWAYS_EMBED_SWIFT_STANDARD_LIBRARIES = YES;
				BUNDLE_LOADER = "$(TEST_HOST)";
				INFOPLIST_FILE = EachTests/Info.plist;
				LD_RUNPATH_SEARCH_PATHS = "$(inherited) @executable_path/Frameworks @loader_path/Frameworks";
				PRODUCT_BUNDLE_IDENTIFIER = com.dalu93.EachTests;
				PRODUCT_NAME = "$(TARGET_NAME)";
				SWIFT_VERSION = 3.0;
				TEST_HOST = "$(BUILT_PRODUCTS_DIR)/Each.app/Each";
			};
			name = Release;
		};
/* End XCBuildConfiguration section */

/* Begin XCConfigurationList section */
		0F41C4301DF372A90076BB6B /* Build configuration list for PBXNativeTarget "Each" */ = {
			isa = XCConfigurationList;
			buildConfigurations = (
				0F41C4311DF372A90076BB6B /* Debug */,
				0F41C4321DF372A90076BB6B /* Release */,
			);
			defaultConfigurationIsVisible = 0;
		};
		81A1943F1DB0C3A100985EC0 /* Build configuration list for PBXProject "Each" */ = {
			isa = XCConfigurationList;
			buildConfigurations = (
				81A1945F1DB0C3A200985EC0 /* Debug */,
				81A194601DB0C3A200985EC0 /* Release */,
			);
			defaultConfigurationIsVisible = 0;
			defaultConfigurationName = Release;
		};
		81A194611DB0C3A200985EC0 /* Build configuration list for PBXNativeTarget "Each Example" */ = {
			isa = XCConfigurationList;
			buildConfigurations = (
				81A194621DB0C3A200985EC0 /* Debug */,
				81A194631DB0C3A200985EC0 /* Release */,
			);
			defaultConfigurationIsVisible = 0;
			defaultConfigurationName = Release;
		};
		81A194641DB0C3A200985EC0 /* Build configuration list for PBXNativeTarget "EachTests" */ = {
			isa = XCConfigurationList;
			buildConfigurations = (
				81A194651DB0C3A200985EC0 /* Debug */,
				81A194661DB0C3A200985EC0 /* Release */,
			);
			defaultConfigurationIsVisible = 0;
			defaultConfigurationName = Release;
		};
/* End XCConfigurationList section */
	};
	rootObject = 81A1943C1DB0C3A100985EC0 /* Project object */;
}
